
Microsoft Visual Studio Solution File, Format Version 12.00
# Visual Studio Version 16
VisualStudioVersion = 16.0.29503.13
MinimumVisualStudioVersion = 10.0.40219.1
Project("{FAE04EC0-301F-11D3-BF4B-00C04F79EFBC}") = "Lab1_class", "Lab1_class\Lab1_class.csproj", "{00048B0B-601E-4BF8-8055-92E86602C1C6}"
EndProject
Global
	GlobalSection(SolutionConfigurationPlatforms) = preSolution
		Debug|Any CPU = Debug|Any CPU
		Release|Any CPU = Release|Any CPU
	EndGlobalSection
	GlobalSection(ProjectConfigurationPlatforms) = postSolution
		{00048B0B-601E-4BF8-8055-92E86602C1C6}.Debug|Any CPU.ActiveCfg = Debug|Any CPU
		{00048B0B-601E-4BF8-8055-92E86602C1C6}.Debug|Any CPU.Build.0 = Debug|Any CPU
		{00048B0B-601E-4BF8-8055-92E86602C1C6}.Release|Any CPU.ActiveCfg = Release|Any CPU
		{00048B0B-601E-4BF8-8055-92E86602C1C6}.Release|Any CPU.Build.0 = Release|Any CPU
	EndGlobalSection
	GlobalSection(SolutionProperties) = preSolution
		HideSolutionNode = FALSE
	EndGlobalSection
	GlobalSection(ExtensibilityGlobals) = postSolution
		SolutionGuid = {59E4ECA5-807F-42CF-905F-7E9E6BF235B2}
	EndGlobalSection
EndGlobal
